
Microsoft Visual Studio Solution File, Format Version 12.00
# Visual Studio 15
VisualStudioVersion = 15.0.28307.572
MinimumVisualStudioVersion = 10.0.40219.1
Project("{FAE04EC0-301F-11D3-BF4B-00C04F79EFBC}") = "Demo_Wpf_SimpleWebApi", "Demo_Wpf_SimpleWebApi\Demo_Wpf_SimpleWebApi.csproj", "{27A640B5-FA09-4955-B374-A3968FE032FC}"
EndProject
Global
	GlobalSection(SolutionConfigurationPlatforms) = preSolution
		Debug|Any CPU = Debug|Any CPU
		Release|Any CPU = Release|Any CPU
	EndGlobalSection
	GlobalSection(ProjectConfigurationPlatforms) = postSolution
		{27A640B5-FA09-4955-B374-A3968FE032FC}.Debug|Any CPU.ActiveCfg = Debug|Any CPU
		{27A640B5-FA09-4955-B374-A3968FE032FC}.Debug|Any CPU.Build.0 = Debug|Any CPU
		{27A640B5-FA09-4955-B374-A3968FE032FC}.Release|Any CPU.ActiveCfg = Release|Any CPU
		{27A640B5-FA09-4955-B374-A3968FE032FC}.Release|Any CPU.Build.0 = Release|Any CPU
	EndGlobalSection
	GlobalSection(SolutionProperties) = preSolution
		HideSolutionNode = FALSE
	EndGlobalSection
	GlobalSection(ExtensibilityGlobals) = postSolution
		SolutionGuid = {DC2F7FD5-4CB5-4B69-A54A-BF6EB5447CF1}
	EndGlobalSection
EndGlobal
